
Microsoft Visual Studio Solution File, Format Version 12.00
# Visual Studio 15
VisualStudioVersion = 15.0.27130.2020
MinimumVisualStudioVersion = 10.0.40219.1
Project("{F184B08F-C81C-45F6-A57F-5ABD9991F28F}") = "Ambush Booking System", "Ambush Booking System\Ambush Booking System.vbproj", "{6FB3B81D-1150-4DFA-800A-5D7FDC623659}"
EndProject
Global
	GlobalSection(SolutionConfigurationPlatforms) = preSolution
		Debug|Any CPU = Debug|Any CPU
		Release|Any CPU = Release|Any CPU
	EndGlobalSection
	GlobalSection(ProjectConfigurationPlatforms) = postSolution
		{6FB3B81D-1150-4DFA-800A-5D7FDC623659}.Debug|Any CPU.ActiveCfg = Debug|Any CPU
		{6FB3B81D-1150-4DFA-800A-5D7FDC623659}.Debug|Any CPU.Build.0 = Debug|Any CPU
		{6FB3B81D-1150-4DFA-800A-5D7FDC623659}.Release|Any CPU.ActiveCfg = Release|Any CPU
		{6FB3B81D-1150-4DFA-800A-5D7FDC623659}.Release|Any CPU.Build.0 = Release|Any CPU
	EndGlobalSection
	GlobalSection(SolutionProperties) = preSolution
		HideSolutionNode = FALSE
	EndGlobalSection
	GlobalSection(ExtensibilityGlobals) = postSolution
		SolutionGuid = {2A309A34-0C0F-4F7B-81E3-1D9AF2D34FAD}
	EndGlobalSection
EndGlobal
